
Microsoft Visual Studio Solution File, Format Version 12.00
# Visual Studio Version 16
VisualStudioVersion = 16.0.30611.23
MinimumVisualStudioVersion = 10.0.40219.1
Project("{FAE04EC0-301F-11D3-BF4B-00C04F79EFBC}") = "ws", "ws\ws.csproj", "{32D98813-1B7C-4993-9E87-EA5CC56AEC54}"
EndProject
Global
	GlobalSection(SolutionConfigurationPlatforms) = preSolution
		Debug|Any CPU = Debug|Any CPU
		Release|Any CPU = Release|Any CPU
	EndGlobalSection
	GlobalSection(ProjectConfigurationPlatforms) = postSolution
		{32D98813-1B7C-4993-9E87-EA5CC56AEC54}.Debug|Any CPU.ActiveCfg = Debug|Any CPU
		{32D98813-1B7C-4993-9E87-EA5CC56AEC54}.Debug|Any CPU.Build.0 = Debug|Any CPU
		{32D98813-1B7C-4993-9E87-EA5CC56AEC54}.Release|Any CPU.ActiveCfg = Release|Any CPU
		{32D98813-1B7C-4993-9E87-EA5CC56AEC54}.Release|Any CPU.Build.0 = Release|Any CPU
	EndGlobalSection
	GlobalSection(SolutionProperties) = preSolution
		HideSolutionNode = FALSE
	EndGlobalSection
	GlobalSection(ExtensibilityGlobals) = postSolution
		SolutionGuid = {A2730CA6-1C8B-4F7E-9E82-5CAF4EF40BD4}
	EndGlobalSection
EndGlobal
